
Microsoft Visual Studio Solution File, Format Version 12.00
# Visual Studio 2013
VisualStudioVersion = 12.0.31101.0
MinimumVisualStudioVersion = 10.0.40219.1
Project("{FAE04EC0-301F-11D3-BF4B-00C04F79EFBC}") = "Sampoerna.EMS.BLL", "Sampoerna.EMS.BLL\Sampoerna.EMS.BLL.csproj", "{810DB88F-FBFD-4AF7-89BC-4612F101D5B9}"
EndProject
Project("{FAE04EC0-301F-11D3-BF4B-00C04F79EFBC}") = "Sampoerna.EMS.Contract", "Sampoerna.EMS.Contract\Sampoerna.EMS.Contract.csproj", "{7F4A15C1-8F58-49EA-BA04-0D7EA572954B}"
EndProject
Project("{FAE04EC0-301F-11D3-BF4B-00C04F79EFBC}") = "Sampoerna.EMS.BusinessObject", "Sampoerna.EMS.BusinessObject\Sampoerna.EMS.BusinessObject.csproj", "{3C89FDD1-A506-4047-89E3-40708CF6B2C5}"
EndProject
Project("{FAE04EC0-301F-11D3-BF4B-00C04F79EFBC}") = "Sampoerna.EMS.DAL", "Sampoerna.EMS.DAL\Sampoerna.EMS.DAL.csproj", "{996A65F8-F098-4578-8405-AFFDEF80E51F}"
EndProject
Project("{FAE04EC0-301F-11D3-BF4B-00C04F79EFBC}") = "Sampoerna.EMS.Website.Test", "Sampoerna.EMS.Website.Test\Sampoerna.EMS.Website.Test.csproj", "{A73F4A7C-6327-4B2F-BFAB-9DE18FF7D30E}"
EndProject
Project("{FAE04EC0-301F-11D3-BF4B-00C04F79EFBC}") = "Sampoerna.EMS.BLL.Test", "Sampoerna.EMS.BLL.Test\Sampoerna.EMS.BLL.Test.csproj", "{2ED269DF-BD76-4A7E-BC0D-C271D165B29E}"
EndProject
Project("{FAE04EC0-301F-11D3-BF4B-00C04F79EFBC}") = "Sampoerna.EMS.Core", "Sampoerna.EMS.Core\Sampoerna.EMS.Core.csproj", "{B4021A69-2836-401B-8E06-92E8A6008219}"
EndProject
Project("{FAE04EC0-301F-11D3-BF4B-00C04F79EFBC}") = "Sampoerna.EMS.Website", "Sampoerna.EMS.Website\Sampoerna.EMS.Website.csproj", "{035828A7-BD0E-44B8-92D9-71371EB4AD93}"
EndProject
Project("{FAE04EC0-301F-11D3-BF4B-00C04F79EFBC}") = "Sampoerna.EMS.XMLReader", "Sampoerna.EMS.XMLReader\Sampoerna.EMS.XMLReader.csproj", "{5370F240-5512-461A-9956-351009512C94}"
EndProject
Global
	GlobalSection(SolutionConfigurationPlatforms) = preSolution
		Debug|Any CPU = Debug|Any CPU
		Release|Any CPU = Release|Any CPU
	EndGlobalSection
	GlobalSection(ProjectConfigurationPlatforms) = postSolution
		{810DB88F-FBFD-4AF7-89BC-4612F101D5B9}.Debug|Any CPU.ActiveCfg = Debug|Any CPU
		{810DB88F-FBFD-4AF7-89BC-4612F101D5B9}.Debug|Any CPU.Build.0 = Debug|Any CPU
		{810DB88F-FBFD-4AF7-89BC-4612F101D5B9}.Release|Any CPU.ActiveCfg = Release|Any CPU
		{810DB88F-FBFD-4AF7-89BC-4612F101D5B9}.Release|Any CPU.Build.0 = Release|Any CPU
		{7F4A15C1-8F58-49EA-BA04-0D7EA572954B}.Debug|Any CPU.ActiveCfg = Debug|Any CPU
		{7F4A15C1-8F58-49EA-BA04-0D7EA572954B}.Debug|Any CPU.Build.0 = Debug|Any CPU
		{7F4A15C1-8F58-49EA-BA04-0D7EA572954B}.Release|Any CPU.ActiveCfg = Release|Any CPU
		{7F4A15C1-8F58-49EA-BA04-0D7EA572954B}.Release|Any CPU.Build.0 = Release|Any CPU
		{3C89FDD1-A506-4047-89E3-40708CF6B2C5}.Debug|Any CPU.ActiveCfg = Debug|Any CPU
		{3C89FDD1-A506-4047-89E3-40708CF6B2C5}.Debug|Any CPU.Build.0 = Debug|Any CPU
		{3C89FDD1-A506-4047-89E3-40708CF6B2C5}.Release|Any CPU.ActiveCfg = Release|Any CPU
		{3C89FDD1-A506-4047-89E3-40708CF6B2C5}.Release|Any CPU.Build.0 = Release|Any CPU
		{996A65F8-F098-4578-8405-AFFDEF80E51F}.Debug|Any CPU.ActiveCfg = Debug|Any CPU
		{996A65F8-F098-4578-8405-AFFDEF80E51F}.Debug|Any CPU.Build.0 = Debug|Any CPU
		{996A65F8-F098-4578-8405-AFFDEF80E51F}.Release|Any CPU.ActiveCfg = Release|Any CPU
		{996A65F8-F098-4578-8405-AFFDEF80E51F}.Release|Any CPU.Build.0 = Release|Any CPU
		{A73F4A7C-6327-4B2F-BFAB-9DE18FF7D30E}.Debug|Any CPU.ActiveCfg = Debug|Any CPU
		{A73F4A7C-6327-4B2F-BFAB-9DE18FF7D30E}.Debug|Any CPU.Build.0 = Debug|Any CPU
		{A73F4A7C-6327-4B2F-BFAB-9DE18FF7D30E}.Release|Any CPU.ActiveCfg = Release|Any CPU
		{A73F4A7C-6327-4B2F-BFAB-9DE18FF7D30E}.Release|Any CPU.Build.0 = Release|Any CPU
		{2ED269DF-BD76-4A7E-BC0D-C271D165B29E}.Debug|Any CPU.ActiveCfg = Debug|Any CPU
		{2ED269DF-BD76-4A7E-BC0D-C271D165B29E}.Debug|Any CPU.Build.0 = Debug|Any CPU
		{2ED269DF-BD76-4A7E-BC0D-C271D165B29E}.Release|Any CPU.ActiveCfg = Release|Any CPU
		{2ED269DF-BD76-4A7E-BC0D-C271D165B29E}.Release|Any CPU.Build.0 = Release|Any CPU
		{B4021A69-2836-401B-8E06-92E8A6008219}.Debug|Any CPU.ActiveCfg = Debug|Any CPU
		{B4021A69-2836-401B-8E06-92E8A6008219}.Debug|Any CPU.Build.0 = Debug|Any CPU
		{B4021A69-2836-401B-8E06-92E8A6008219}.Release|Any CPU.ActiveCfg = Release|Any CPU
		{B4021A69-2836-401B-8E06-92E8A6008219}.Release|Any CPU.Build.0 = Release|Any CPU
		{035828A7-BD0E-44B8-92D9-71371EB4AD93}.Debug|Any CPU.ActiveCfg = Debug|Any CPU
		{035828A7-BD0E-44B8-92D9-71371EB4AD93}.Debug|Any CPU.Build.0 = Debug|Any CPU
		{035828A7-BD0E-44B8-92D9-71371EB4AD93}.Release|Any CPU.ActiveCfg = Release|Any CPU
		{035828A7-BD0E-44B8-92D9-71371EB4AD93}.Release|Any CPU.Build.0 = Release|Any CPU
		{5370F240-5512-461A-9956-351009512C94}.Debug|Any CPU.ActiveCfg = Debug|Any CPU
		{5370F240-5512-461A-9956-351009512C94}.Debug|Any CPU.Build.0 = Debug|Any CPU
		{5370F240-5512-461A-9956-351009512C94}.Release|Any CPU.ActiveCfg = Release|Any CPU
		{5370F240-5512-461A-9956-351009512C94}.Release|Any CPU.Build.0 = Release|Any CPU
	EndGlobalSection
	GlobalSection(SolutionProperties) = preSolution
		HideSolutionNode = FALSE
	EndGlobalSection
EndGlobal
